{
  "pins" : [
    {
      "identity" : "objecteditor",
      "kind" : "remoteSourceControl",
      "location" : "https://github.com/shsanek/ObjectEditor.git",
      "state" : {
        "branch" : "master",
        "revision" : "83061947d3f4954790cadf9de5b8472ebea976df"
      }
    },
    {
      "identity" : "swift-syntax",
      "kind" : "remoteSourceControl",
      "location" : "https://github.com/apple/swift-syntax.git",
      "state" : {
        "revision" : "67c5007099d9ffdd292f421f81f4efe5ee42963e",
        "version" : "509.0.0-swift-DEVELOPMENT-SNAPSHOT-2023-07-09-a"
      }
    }
  ],
  "version" : 2
}
